{
  "pins" : [
    {
      "identity" : "libpngframework",
      "kind" : "remoteSourceControl",
      "location" : "https://github.com/EvgenijLutz/LibPNGFramework.git",
      "state" : {
        "revision" : "1b70e7e62d4f65aabf80ee0dde94b57a48019949",
        "version" : "1.6.50-alpha2"
      }
    }
  ],
  "version" : 2
}
