{
  "originHash" : "837a4fb624f222056ece6f86d79191148e195de99b3ebd8c464cfffa5689c5c3",
  "pins" : [
    {
      "identity" : "libpng",
      "kind" : "remoteSourceControl",
      "location" : "https://github.com/EvgenijLutz/LibPNG.git",
      "state" : {
        "revision" : "50de20770f65550deb4ce38f019936debc687159",
        "version" : "1.6.50-alpha3"
      }
    }
  ],
  "version" : 3
}
