{
  "pins" : [
    {
      "identity" : "libpngframework",
      "kind" : "remoteSourceControl",
      "location" : "https://github.com/EvgenijLutz/LibPNGFramework.git",
      "state" : {
        "revision" : "57ccc0c5e9e1831efd645983e34c0ae18d7aed2f",
        "version" : "1.6.50-alpha1"
      }
    }
  ],
  "version" : 2
}
